Microsoft Visual Studio Solution File, Format Version 12.00
# Visual Studio Version 17
VisualStudioVersion = 17.5.2.0
MinimumVisualStudioVersion = 10.0.40219.1
Project("{FAE04EC0-301F-11D3-BF4B-00C04F79EFBC}") = "Csharpprogram", "Csharpprogram.csproj", "{0A317115-5DDD-DA3C-2217-A27B5977A3CA}"
EndProject
Global
	GlobalSection(SolutionConfigurationPlatforms) = preSolution
		Debug|Any CPU = Debug|Any CPU
		Release|Any CPU = Release|Any CPU
	EndGlobalSection
	GlobalSection(ProjectConfigurationPlatforms) = postSolution
		{0A317115-5DDD-DA3C-2217-A27B5977A3CA}.Debug|Any CPU.ActiveCfg = Debug|Any CPU
		{0A317115-5DDD-DA3C-2217-A27B5977A3CA}.Debug|Any CPU.Build.0 = Debug|Any CPU
		{0A317115-5DDD-DA3C-2217-A27B5977A3CA}.Release|Any CPU.ActiveCfg = Release|Any CPU
		{0A317115-5DDD-DA3C-2217-A27B5977A3CA}.Release|Any CPU.Build.0 = Release|Any CPU
	EndGlobalSection
	GlobalSection(SolutionProperties) = preSolution
		HideSolutionNode = FALSE
	EndGlobalSection
	GlobalSection(ExtensibilityGlobals) = postSolution
		SolutionGuid = {91BE7DAC-DE52-437F-AA9C-565F96DB992C}
	EndGlobalSection
EndGlobal
